// !$*UTF8*$!
{
	archiveVersion = 1;
	classes = {
	};
	objectVersion = 50;
	objects = {

/* Begin PBXBuildFile section */
		1141C77D270C9015005C23CA /* SwipingController.swift in Sources */ = {isa = PBXBuildFile; fileRef = 1141C77C270C9015005C23CA /* SwipingController.swift */; };
		117F113927072D42003AD7CB /* AppDelegate.swift in Sources */ = {isa = PBXBuildFile; fileRef = 117F113827072D42003AD7CB /* AppDelegate.swift */; };
		117F113B27072D42003AD7CB /* SceneDelegate.swift in Sources */ = {isa = PBXBuildFile; fileRef = 117F113A27072D42003AD7CB /* SceneDelegate.swift */; };
		117F114227072D45003AD7CB /* Assets.xcassets in Resources */ = {isa = PBXBuildFile; fileRef = 117F114127072D45003AD7CB /* Assets.xcassets */; };
		117F114527072D45003AD7CB /* LaunchScreen.storyboard in Resources */ = {isa = PBXBuildFile; fileRef = 117F114327072D45003AD7CB /* LaunchScreen.storyboard */; };
		119575B227185CE800C5CEEE /* SwipingController_ViewWillTransition.swift in Sources */ = {isa = PBXBuildFile; fileRef = 119575B127185CE800C5CEEE /* SwipingController_ViewWillTransition.swift */; };
		119575B427185DE800C5CEEE /* SwipingController_UICollectionViewDelegateMethods.swift in Sources */ = {isa = PBXBuildFile; fileRef = 119575B327185DE800C5CEEE /* SwipingController_UICollectionViewDelegateMethods.swift */; };
		11BE9571270D946600C37FFB /* PageCell.swift in Sources */ = {isa = PBXBuildFile; fileRef = 11BE9570270D946600C37FFB /* PageCell.swift */; };
		11FF1D452716E7D80024B78B /* Page.swift in Sources */ = {isa = PBXBuildFile; fileRef = 11FF1D442716E7D80024B78B /* Page.swift */; };
/* End PBXBuildFile section */

/* Begin PBXFileReference section */
		1141C77C270C9015005C23CA /* SwipingController.swift */ = {isa = PBXFileReference; lastKnownFileType = sourcecode.swift; path = SwipingController.swift; sourceTree = "<group>"; };
		117F113527072D42003AD7CB /* SecondApp_with_ProgrammaticUI.app */ = {isa = PBXFileReference; explicitFileType = wrapper.application; includeInIndex = 0; path = SecondApp_with_ProgrammaticUI.app; sourceTree = BUILT_PRODUCTS_DIR; };
		117F113827072D42003AD7CB /* AppDelegate.swift */ = {isa = PBXFileReference; lastKnownFileType = sourcecode.swift; path = AppDelegate.swift; sourceTree = "<group>"; };
		117F113A27072D42003AD7CB /* SceneDelegate.swift */ = {isa = PBXFileReference; lastKnownFileType = sourcecode.swift; path = SceneDelegate.swift; sourceTree = "<group>"; };
		117F114127072D45003AD7CB /* Assets.xcassets */ = {isa = PBXFileReference; lastKnownFileType = folder.assetcatalog; path = Assets.xcassets; sourceTree = "<group>"; };
		117F114427072D45003AD7CB /* Base */ = {isa = PBXFileReference; lastKnownFileType = file.storyboard; name = Base; path = Base.lproj/LaunchScreen.storyboard; sourceTree = "<group>"; };
		117F114627072D45003AD7CB /* Info.plist */ = {isa = PBXFileReference; lastKnownFileType = text.plist.xml; path = Info.plist; sourceTree = "<group>"; };
		119575B127185CE800C5CEEE /* SwipingController_ViewWillTransition.swift */ = {isa = PBXFileReference; lastKnownFileType = sourcecode.swift; path = SwipingController_ViewWillTransition.swift; sourceTree = "<group>"; };
		119575B327185DE800C5CEEE /* SwipingController_UICollectionViewDelegateMethods.swift */ = {isa = PBXFileReference; lastKnownFileType = sourcecode.swift; path = SwipingController_UICollectionViewDelegateMethods.swift; sourceTree = "<group>"; };
		11BE9570270D946600C37FFB /* PageCell.swift */ = {isa = PBXFileReference; lastKnownFileType = sourcecode.swift; path = PageCell.swift; sourceTree = "<group>"; };
		11FF1D442716E7D80024B78B /* Page.swift */ = {isa = PBXFileReference; lastKnownFileType = sourcecode.swift; path = Page.swift; sourceTree = "<group>"; };
/* End PBXFileReference section */

/* Begin PBXFrameworksBuildPhase section */
		117F113227072D42003AD7CB /* Frameworks */ = {
			isa = PBXFrameworksBuildPhase;
			buildActionMask = 2147483647;
			files = (
			);
			runOnlyForDeploymentPostprocessing = 0;
		};
/* End PBXFrameworksBuildPhase section */

/* Begin PBXGroup section */
		117F112C27072D41003AD7CB = {
			isa = PBXGroup;
			children = (
				117F113727072D42003AD7CB /* SecondApp_with_ProgrammaticUI */,
				117F113627072D42003AD7CB /* Products */,
			);
			sourceTree = "<group>";
		};
		117F113627072D42003AD7CB /* Products */ = {
			isa = PBXGroup;
			children = (
				117F113527072D42003AD7CB /* SecondApp_with_ProgrammaticUI.app */,
			);
			name = Products;
			sourceTree = "<group>";
		};
		117F113727072D42003AD7CB /* SecondApp_with_ProgrammaticUI */ = {
			isa = PBXGroup;
			children = (
				117F113827072D42003AD7CB /* AppDelegate.swift */,
				117F113A27072D42003AD7CB /* SceneDelegate.swift */,
				11FF1D462716E7DE0024B78B /* Model */,
				11FF1D472716E8220024B78B /* View */,
				11FF1D482716E82A0024B78B /* Controller */,
				117F114127072D45003AD7CB /* Assets.xcassets */,
				117F114327072D45003AD7CB /* LaunchScreen.storyboard */,
				117F114627072D45003AD7CB /* Info.plist */,
			);
			path = SecondApp_with_ProgrammaticUI;
			sourceTree = "<group>";
		};
		11FF1D462716E7DE0024B78B /* Model */ = {
			isa = PBXGroup;
			children = (
				11FF1D442716E7D80024B78B /* Page.swift */,
			);
			path = Model;
			sourceTree = "<group>";
		};
		11FF1D472716E8220024B78B /* View */ = {
			isa = PBXGroup;
			children = (
				11BE9570270D946600C37FFB /* PageCell.swift */,
			);
			path = View;
			sourceTree = "<group>";
		};
		11FF1D482716E82A0024B78B /* Controller */ = {
			isa = PBXGroup;
			children = (
				1141C77C270C9015005C23CA /* SwipingController.swift */,
				119575B127185CE800C5CEEE /* SwipingController_ViewWillTransition.swift */,
				119575B327185DE800C5CEEE /* SwipingController_UICollectionViewDelegateMethods.swift */,
			);
			path = Controller;
			sourceTree = "<group>";
		};
/* End PBXGroup section */

/* Begin PBXNativeTarget section */
		117F113427072D42003AD7CB /* SecondApp_with_ProgrammaticUI */ = {
			isa = PBXNativeTarget;
			buildConfigurationList = 117F114927072D45003AD7CB /* Build configuration list for PBXNativeTarget "SecondApp_with_ProgrammaticUI" */;
			buildPhases = (
				117F113127072D42003AD7CB /* Sources */,
				117F113227072D42003AD7CB /* Frameworks */,
				117F113327072D42003AD7CB /* Resources */,
			);
			buildRules = (
			);
			dependencies = (
			);
			name = SecondApp_with_ProgrammaticUI;
			productName = SecondApp_with_ProgrammaticUI;
			productReference = 117F113527072D42003AD7CB /* SecondApp_with_ProgrammaticUI.app */;
			productType = "com.apple.product-type.application";
		};
/* End PBXNativeTarget section */

/* Begin PBXProject section */
		117F112D27072D41003AD7CB /* Project object */ = {
			isa = PBXProject;
			attributes = {
				LastSwiftUpdateCheck = 1250;
				LastUpgradeCheck = 1250;
				TargetAttributes = {
					117F113427072D42003AD7CB = {
						CreatedOnToolsVersion = 12.5;
					};
				};
			};
			buildConfigurationList = 117F113027072D41003AD7CB /* Build configuration list for PBXProject "SecondApp_with_ProgrammaticUI" */;
			compatibilityVersion = "Xcode 9.3";
			developmentRegion = en;
			hasScannedForEncodings = 0;
			knownRegions = (
				en,
				Base,
			);
			mainGroup = 117F112C27072D41003AD7CB;
			productRefGroup = 117F113627072D42003AD7CB /* Products */;
			projectDirPath = "";
			projectRoot = "";
			targets = (
				117F113427072D42003AD7CB /* SecondApp_with_ProgrammaticUI */,
			);
		};
/* End PBXProject section */

/* Begin PBXResourcesBuildPhase section */
		117F113327072D42003AD7CB /* Resources */ = {
			isa = PBXResourcesBuildPhase;
			buildActionMask = 2147483647;
			files = (
				117F114527072D45003AD7CB /* LaunchScreen.storyboard in Resources */,
				117F114227072D45003AD7CB /* Assets.xcassets in Resources */,
			);
			runOnlyForDeploymentPostprocessing = 0;
		};
/* End PBXResourcesBuildPhase section */

/* Begin PBXSourcesBuildPhase section */
		117F113127072D42003AD7CB /* Sources */ = {
			isa = PBXSourcesBuildPhase;
			buildActionMask = 2147483647;
			files = (
				11BE9571270D946600C37FFB /* PageCell.swift in Sources */,
				11FF1D452716E7D80024B78B /* Page.swift in Sources */,
				117F113927072D42003AD7CB /* AppDelegate.swift in Sources */,
				117F113B27072D42003AD7CB /* SceneDelegate.swift in Sources */,
				119575B427185DE800C5CEEE /* SwipingController_UICollectionViewDelegateMethods.swift in Sources */,
				1141C77D270C9015005C23CA /* SwipingController.swift in Sources */,
				119575B227185CE800C5CEEE /* SwipingController_ViewWillTransition.swift in Sources */,
			);
			runOnlyForDeploymentPostprocessing = 0;
		};
/* End PBXSourcesBuildPhase section */

/* Begin PBXVariantGroup section */
		117F114327072D45003AD7CB /* LaunchScreen.storyboard */ = {
			isa = PBXVariantGroup;
			children = (
				117F114427072D45003AD7CB /* Base */,
			);
			name = LaunchScreen.storyboard;
			sourceTree = "<group>";
		};
/* End PBXVariantGroup section */

/* Begin XCBuildConfiguration section */
		117F114727072D45003AD7CB /* Debug */ = {
			isa = XCBuildConfiguration;
			buildSettings = {
				ALWAYS_SEARCH_USER_PATHS = NO;
				CLANG_ANALYZER_NONNULL = YES;
				CLANG_ANALYZER_NUMBER_OBJECT_CONVERSION = YES_AGGRESSIVE;
				CLANG_CXX_LANGUAGE_STANDARD = "gnu++14";
				CLANG_CXX_LIBRARY = "libc++";
				CLANG_ENABLE_MODULES = YES;
				CLANG_ENABLE_OBJC_ARC = YES;
				CLANG_ENABLE_OBJC_WEAK = YES;
				CLANG_WARN_BLOCK_CAPTURE_AUTORELEASING = YES;
				CLANG_WARN_BOOL_CONVERSION = YES;
				CLANG_WARN_COMMA = YES;
				CLANG_WARN_CONSTANT_CONVERSION = YES;
				CLANG_WARN_DEPRECATED_OBJC_IMPLEMENTATIONS = YES;
				CLANG_WARN_DIRECT_OBJC_ISA_USAGE = YES_ERROR;
				CLANG_WARN_DOCUMENTATION_COMMENTS = YES;
				CLANG_WARN_EMPTY_BODY = YES;
				CLANG_WARN_ENUM_CONVERSION = YES;
				CLANG_WARN_INFINITE_RECURSION = YES;
				CLANG_WARN_INT_CONVERSION = YES;
				CLANG_WARN_NON_LITERAL_NULL_CONVERSION = YES;
				CLANG_WARN_OBJC_IMPLICIT_RETAIN_SELF = YES;
				CLANG_WARN_OBJC_LITERAL_CONVERSION = YES;
				CLANG_WARN_OBJC_ROOT_CLASS = YES_ERROR;
				CLANG_WARN_QUOTED_INCLUDE_IN_FRAMEWORK_HEADER = YES;
				CLANG_WARN_RANGE_LOOP_ANALYSIS = YES;
				CLANG_WARN_STRICT_PROTOTYPES = YES;
				CLANG_WARN_SUSPICIOUS_MOVE = YES;
				CLANG_WARN_UNGUARDED_AVAILABILITY = YES_AGGRESSIVE;
				CLANG_WARN_UNREACHABLE_CODE = YES;
				CLANG_WARN__DUPLICATE_METHOD_MATCH = YES;
				COPY_PHASE_STRIP = NO;
				DEBUG_INFORMATION_FORMAT = dwarf;
				ENABLE_STRICT_OBJC_MSGSEND = YES;
				ENABLE_TESTABILITY = YES;
				GCC_C_LANGUAGE_STANDARD = gnu11;
				GCC_DYNAMIC_NO_PIC = NO;
				GCC_NO_COMMON_BLOCKS = YES;
				GCC_OPTIMIZATION_LEVEL = 0;
				GCC_PREPROCESSOR_DEFINITIONS = (
					"DEBUG=1",
					"$(inherited)",
				);
				GCC_WARN_64_TO_32_BIT_CONVERSION = YES;
				GCC_WARN_ABOUT_RETURN_TYPE = YES_ERROR;
				GCC_WARN_UNDECLARED_SELECTOR = YES;
				GCC_WARN_UNINITIALIZED_AUTOS = YES_AGGRESSIVE;
				GCC_WARN_UNUSED_FUNCTION = YES;
				GCC_WARN_UNUSED_VARIABLE = YES;
				IPHONEOS_DEPLOYMENT_TARGET = 14.5;
				MTL_ENABLE_DEBUG_INFO = INCLUDE_SOURCE;
				MTL_FAST_MATH = YES;
				ONLY_ACTIVE_ARCH = YES;
				SDKROOT = iphoneos;
				SWIFT_ACTIVE_COMPILATION_CONDITIONS = DEBUG;
				SWIFT_OPTIMIZATION_LEVEL = "-Onone";
			};
			name = Debug;
		};
		117F114827072D45003AD7CB /* Release */ = {
			isa = XCBuildConfiguration;
			buildSettings = {
				ALWAYS_SEARCH_USER_PATHS = NO;
				CLANG_ANALYZER_NONNULL = YES;
				CLANG_ANALYZER_NUMBER_OBJECT_CONVERSION = YES_AGGRESSIVE;
				CLANG_CXX_LANGUAGE_STANDARD = "gnu++14";
				CLANG_CXX_LIBRARY = "libc++";
				CLANG_ENABLE_MODULES = YES;
				CLANG_ENABLE_OBJC_ARC = YES;
				CLANG_ENABLE_OBJC_WEAK = YES;
				CLANG_WARN_BLOCK_CAPTURE_AUTORELEASING = YES;
				CLANG_WARN_BOOL_CONVERSION = YES;
				CLANG_WARN_COMMA = YES;
				CLANG_WARN_CONSTANT_CONVERSION = YES;
				CLANG_WARN_DEPRECATED_OBJC_IMPLEMENTATIONS = YES;
				CLANG_WARN_DIRECT_OBJC_ISA_USAGE = YES_ERROR;
				CLANG_WARN_DOCUMENTATION_COMMENTS = YES;
				CLANG_WARN_EMPTY_BODY = YES;
				CLANG_WARN_ENUM_CONVERSION = YES;
				CLANG_WARN_INFINITE_RECURSION = YES;
				CLANG_WARN_INT_CONVERSION = YES;
				CLANG_WARN_NON_LITERAL_NULL_CONVERSION = YES;
				CLANG_WARN_OBJC_IMPLICIT_RETAIN_SELF = YES;
				CLANG_WARN_OBJC_LITERAL_CONVERSION = YES;
				CLANG_WARN_OBJC_ROOT_CLASS = YES_ERROR;
				CLANG_WARN_QUOTED_INCLUDE_IN_FRAMEWORK_HEADER = YES;
				CLANG_WARN_RANGE_LOOP_ANALYSIS = YES;
				CLANG_WARN_STRICT_PROTOTYPES = YES;
				CLANG_WARN_SUSPICIOUS_MOVE = YES;
				CLANG_WARN_UNGUARDED_AVAILABILITY = YES_AGGRESSIVE;
				CLANG_WARN_UNREACHABLE_CODE = YES;
				CLANG_WARN__DUPLICATE_METHOD_MATCH = YES;
				COPY_PHASE_STRIP = NO;
				DEBUG_INFORMATION_FORMAT = "dwarf-with-dsym";
				ENABLE_NS_ASSERTIONS = NO;
				ENABLE_STRICT_OBJC_MSGSEND = YES;
				GCC_C_LANGUAGE_STANDARD = gnu11;
				GCC_NO_COMMON_BLOCKS = YES;
				GCC_WARN_64_TO_32_BIT_CONVERSION = YES;
				GCC_WARN_ABOUT_RETURN_TYPE = YES_ERROR;
				GCC_WARN_UNDECLARED_SELECTOR = YES;
				GCC_WARN_UNINITIALIZED_AUTOS = YES_AGGRESSIVE;
				GCC_WARN_UNUSED_FUNCTION = YES;
				GCC_WARN_UNUSED_VARIABLE = YES;
				IPHONEOS_DEPLOYMENT_TARGET = 14.5;
				MTL_ENABLE_DEBUG_INFO = NO;
				MTL_FAST_MATH = YES;
				SDKROOT = iphoneos;
				SWIFT_COMPILATION_MODE = wholemodule;
				SWIFT_OPTIMIZATION_LEVEL = "-O";
				VALIDATE_PRODUCT = YES;
			};
			name = Release;
		};
		117F114A27072D45003AD7CB /* Debug */ = {
			isa = XCBuildConfiguration;
			buildSettings = {
				ASSETCATALOG_COMPILER_APPICON_NAME = AppIcon;
				ASSETCATALOG_COMPILER_GLOBAL_ACCENT_COLOR_NAME = AccentColor;
				CODE_SIGN_STYLE = Automatic;
				DEVELOPMENT_TEAM = 386JXWTAPA;
				INFOPLIST_FILE = SecondApp_with_ProgrammaticUI/Info.plist;
				LD_RUNPATH_SEARCH_PATHS = (
					"$(inherited)",
					"@executable_path/Frameworks",
				);
				PRODUCT_BUNDLE_IDENTIFIER = "com.rustamoff1999.SecondApp-with-ProgrammaticUI";
				PRODUCT_NAME = "$(TARGET_NAME)";
				SWIFT_VERSION = 5.0;
				TARGETED_DEVICE_FAMILY = "1,2";
			};
			name = Debug;
		};
		117F114B27072D45003AD7CB /* Release */ = {
			isa = XCBuildConfiguration;
			buildSettings = {
				ASSETCATALOG_COMPILER_APPICON_NAME = AppIcon;
				ASSETCATALOG_COMPILER_GLOBAL_ACCENT_COLOR_NAME = AccentColor;
				CODE_SIGN_STYLE = Automatic;
				DEVELOPMENT_TEAM = 386JXWTAPA;
				INFOPLIST_FILE = SecondApp_with_ProgrammaticUI/Info.plist;
				LD_RUNPATH_SEARCH_PATHS = (
					"$(inherited)",
					"@executable_path/Frameworks",
				);
				PRODUCT_BUNDLE_IDENTIFIER = "com.rustamoff1999.SecondApp-with-ProgrammaticUI";
				PRODUCT_NAME = "$(TARGET_NAME)";
				SWIFT_VERSION = 5.0;
				TARGETED_DEVICE_FAMILY = "1,2";
			};
			name = Release;
		};
/* End XCBuildConfiguration section */

/* Begin XCConfigurationList section */
		117F113027072D41003AD7CB /* Build configuration list for PBXProject "SecondApp_with_ProgrammaticUI" */ = {
			isa = XCConfigurationList;
			buildConfigurations = (
				117F114727072D45003AD7CB /* Debug */,
				117F114827072D45003AD7CB /* Release */,
			);
			defaultConfigurationIsVisible = 0;
			defaultConfigurationName = Release;
		};
		117F114927072D45003AD7CB /* Build configuration list for PBXNativeTarget "SecondApp_with_ProgrammaticUI" */ = {
			isa = XCConfigurationList;
			buildConfigurations = (
				117F114A27072D45003AD7CB /* Debug */,
				117F114B27072D45003AD7CB /* Release */,
			);
			defaultConfigurationIsVisible = 0;
			defaultConfigurationName = Release;
		};
/* End XCConfigurationList section */
	};
	rootObject = 117F112D27072D41003AD7CB /* Project object */;
}
